
Microsoft Visual Studio Solution File, Format Version 12.00
# Visual Studio Version 17
VisualStudioVersion = 17.8.34525.116
MinimumVisualStudioVersion = 10.0.40219.1
Project("{FAE04EC0-301F-11D3-BF4B-00C04F79EFBC}") = "Poe Part 2", "Poe Part 2\Poe Part 2.csproj", "{C4547AF7-3D1B-4036-A3A5-E22B117B41A3}"
EndProject
Global
	GlobalSection(SolutionConfigurationPlatforms) = preSolution
		Debug|Any CPU = Debug|Any CPU
		Release|Any CPU = Release|Any CPU
	EndGlobalSection
	GlobalSection(ProjectConfigurationPlatforms) = postSolution
		{C4547AF7-3D1B-4036-A3A5-E22B117B41A3}.Debug|Any CPU.ActiveCfg = Debug|Any CPU
		{C4547AF7-3D1B-4036-A3A5-E22B117B41A3}.Debug|Any CPU.Build.0 = Debug|Any CPU
		{C4547AF7-3D1B-4036-A3A5-E22B117B41A3}.Release|Any CPU.ActiveCfg = Release|Any CPU
		{C4547AF7-3D1B-4036-A3A5-E22B117B41A3}.Release|Any CPU.Build.0 = Release|Any CPU
	EndGlobalSection
	GlobalSection(SolutionProperties) = preSolution
		HideSolutionNode = FALSE
	EndGlobalSection
	GlobalSection(ExtensibilityGlobals) = postSolution
		SolutionGuid = {E63FCE57-0598-44A4-9D77-A90D98E0B2C4}
	EndGlobalSection
EndGlobal
